
Microsoft Visual Studio Solution File, Format Version 12.00
# Visual Studio 15
VisualStudioVersion = 15.0.28307.106
MinimumVisualStudioVersion = 10.0.40219.1
Project("{FAE04EC0-301F-11D3-BF4B-00C04F79EFBC}") = "URL", "URL\URL.csproj", "{C70010C6-DDC1-4E74-BCD7-01C6572DF599}"
EndProject
Global
	GlobalSection(SolutionConfigurationPlatforms) = preSolution
		Debug|Any CPU = Debug|Any CPU
		Release|Any CPU = Release|Any CPU
	EndGlobalSection
	GlobalSection(ProjectConfigurationPlatforms) = postSolution
		{C70010C6-DDC1-4E74-BCD7-01C6572DF599}.Debug|Any CPU.ActiveCfg = Debug|Any CPU
		{C70010C6-DDC1-4E74-BCD7-01C6572DF599}.Debug|Any CPU.Build.0 = Debug|Any CPU
		{C70010C6-DDC1-4E74-BCD7-01C6572DF599}.Release|Any CPU.ActiveCfg = Release|Any CPU
		{C70010C6-DDC1-4E74-BCD7-01C6572DF599}.Release|Any CPU.Build.0 = Release|Any CPU
	EndGlobalSection
	GlobalSection(SolutionProperties) = preSolution
		HideSolutionNode = FALSE
	EndGlobalSection
	GlobalSection(ExtensibilityGlobals) = postSolution
		SolutionGuid = {B26ED0BE-E974-43FC-93E2-F52A476CD05A}
	EndGlobalSection
EndGlobal
